# This file is automatically @generated by Cargo.
# It is not intended for manual editing.
version = 3

[[package]]
name = "runity"
version = "0.1.0"
dependencies = [
 "runity-ai",
 "runity-audio",
 "runity-core",
 "runity-math",
 "runity-net",
 "runity-physics",
 "runity-platform",
 "runity-render",
 "runity-serialize",
]

[[package]]
name = "runity-ai"
version = "0.1.0"
dependencies = [
 "runity-math",
 "runity-serialize",
]

[[package]]
name = "runity-audio"
version = "0.1.0"
dependencies = [
 "runity-math",
]

[[package]]
name = "runity-core"
version = "0.1.0"
dependencies = [
 "runity-audio",
 "runity-math",
 "runity-net",
 "runity-physics",
 "runity-platform",
 "runity-render",
 "runity-serialize",
]

[[package]]
name = "runity-math"
version = "0.1.0"

[[package]]
name = "runity-net"
version = "0.1.0"
dependencies = [
 "runity-math",
 "runity-serialize",
]

[[package]]
name = "runity-physics"
version = "0.1.0"
dependencies = [
 "runity-math",
]

[[package]]
name = "runity-platform"
version = "0.1.0"

[[package]]
name = "runity-render"
version = "0.1.0"
dependencies = [
 "runity-math",
]

[[package]]
name = "runity-serialize"
version = "0.1.0"
dependencies = [
 "runity-math",
]
