# This file is automatically @generated by Cargo.
# It is not intended for manual editing.
version = 3

[[package]]
name = "runity"
version = "0.1.0"
dependencies = [
 "runity-core",
 "runity-gpu",
 "runity-math",
 "runity-platform",
 "runity-render",
]

[[package]]
name = "runity-core"
version = "0.1.0"
dependencies = [
 "runity-gpu",
 "runity-math",
 "runity-platform",
 "runity-render",
]

[[package]]
name = "runity-gpu"
version = "0.1.0"
dependencies = [
 "runity-math",
 "runity-render",
]

[[package]]
name = "runity-math"
version = "0.1.0"

[[package]]
name = "runity-platform"
version = "0.1.0"

[[package]]
name = "runity-render"
version = "0.1.0"
dependencies = [
 "runity-math",
]
